
Microsoft Visual Studio Solution File, Format Version 12.00
# Visual Studio 15
VisualStudioVersion = 15.0.27703.2026
MinimumVisualStudioVersion = 10.0.40219.1
Project("{FAE04EC0-301F-11D3-BF4B-00C04F79EFBC}") = "StringEquationv2", "StringEquationv2\StringEquationv2.csproj", "{8E045782-3E0E-4076-A674-8A570C0373C1}"
EndProject
Global
	GlobalSection(SolutionConfigurationPlatforms) = preSolution
		Debug|Any CPU = Debug|Any CPU
		Release|Any CPU = Release|Any CPU
	EndGlobalSection
	GlobalSection(ProjectConfigurationPlatforms) = postSolution
		{8E045782-3E0E-4076-A674-8A570C0373C1}.Debug|Any CPU.ActiveCfg = Debug|Any CPU
		{8E045782-3E0E-4076-A674-8A570C0373C1}.Debug|Any CPU.Build.0 = Debug|Any CPU
		{8E045782-3E0E-4076-A674-8A570C0373C1}.Release|Any CPU.ActiveCfg = Release|Any CPU
		{8E045782-3E0E-4076-A674-8A570C0373C1}.Release|Any CPU.Build.0 = Release|Any CPU
	EndGlobalSection
	GlobalSection(SolutionProperties) = preSolution
		HideSolutionNode = FALSE
	EndGlobalSection
	GlobalSection(ExtensibilityGlobals) = postSolution
		SolutionGuid = {22E087B8-8A77-4BF1-9951-D3331FA61148}
	EndGlobalSection
EndGlobal
